
Microsoft Visual Studio Solution File, Format Version 12.00
# Visual Studio Version 16
VisualStudioVersion = 16.0.30104.148
MinimumVisualStudioVersion = 10.0.40219.1
Project("{FAE04EC0-301F-11D3-BF4B-00C04F79EFBC}") = "BigSortingAlgorithm", "BigSortingAlgorithm\BigSortingAlgorithm.csproj", "{3625FAB3-4118-4E83-9590-43C512FCACE0}"
EndProject
Project("{FAE04EC0-301F-11D3-BF4B-00C04F79EFBC}") = "BigSortingAlgorithm.FileGenerator", "BigSortingAlgorithm.FileGenerator\BigSortingAlgorithm.FileGenerator.csproj", "{FC63B9A7-5C18-40EC-B843-52B94CCBF778}"
EndProject
Global
	GlobalSection(SolutionConfigurationPlatforms) = preSolution
		Debug|Any CPU = Debug|Any CPU
		Release|Any CPU = Release|Any CPU
	EndGlobalSection
	GlobalSection(ProjectConfigurationPlatforms) = postSolution
		{3625FAB3-4118-4E83-9590-43C512FCACE0}.Debug|Any CPU.ActiveCfg = Debug|Any CPU
		{3625FAB3-4118-4E83-9590-43C512FCACE0}.Debug|Any CPU.Build.0 = Debug|Any CPU
		{3625FAB3-4118-4E83-9590-43C512FCACE0}.Release|Any CPU.ActiveCfg = Release|Any CPU
		{3625FAB3-4118-4E83-9590-43C512FCACE0}.Release|Any CPU.Build.0 = Release|Any CPU
		{FC63B9A7-5C18-40EC-B843-52B94CCBF778}.Debug|Any CPU.ActiveCfg = Debug|Any CPU
		{FC63B9A7-5C18-40EC-B843-52B94CCBF778}.Debug|Any CPU.Build.0 = Debug|Any CPU
		{FC63B9A7-5C18-40EC-B843-52B94CCBF778}.Release|Any CPU.ActiveCfg = Release|Any CPU
		{FC63B9A7-5C18-40EC-B843-52B94CCBF778}.Release|Any CPU.Build.0 = Release|Any CPU
	EndGlobalSection
	GlobalSection(SolutionProperties) = preSolution
		HideSolutionNode = FALSE
	EndGlobalSection
	GlobalSection(ExtensibilityGlobals) = postSolution
		SolutionGuid = {8BDBE8BB-0DDC-4367-81F5-5D38D0412C7C}
	EndGlobalSection
EndGlobal
